Microsoft Visual Studio Solution File, Format Version 12.00
# Visual Studio 2012
Project("{FAE04EC0-301F-11D3-BF4B-00C04F79EFBC}") = "Flight Speedway", "Flight Speedway.csproj", "{A72469BC-9EFE-48E6-BE41-8FF00AF8BDD6}"
EndProject
Global
	GlobalSection(SolutionConfigurationPlatforms) = preSolution
	Debug|Any CPU = Debug|Any CPU
	ExportDebug|Any CPU = ExportDebug|Any CPU
	ExportRelease|Any CPU = ExportRelease|Any CPU
	EndGlobalSection
	GlobalSection(ProjectConfigurationPlatforms) = postSolution
		{A72469BC-9EFE-48E6-BE41-8FF00AF8BDD6}.Debug|Any CPU.ActiveCfg = Debug|Any CPU
		{A72469BC-9EFE-48E6-BE41-8FF00AF8BDD6}.Debug|Any CPU.Build.0 = Debug|Any CPU
		{A72469BC-9EFE-48E6-BE41-8FF00AF8BDD6}.ExportDebug|Any CPU.ActiveCfg = ExportDebug|Any CPU
		{A72469BC-9EFE-48E6-BE41-8FF00AF8BDD6}.ExportDebug|Any CPU.Build.0 = ExportDebug|Any CPU
		{A72469BC-9EFE-48E6-BE41-8FF00AF8BDD6}.ExportRelease|Any CPU.ActiveCfg = ExportRelease|Any CPU
		{A72469BC-9EFE-48E6-BE41-8FF00AF8BDD6}.ExportRelease|Any CPU.Build.0 = ExportRelease|Any CPU
	EndGlobalSection
EndGlobal
